
Microsoft Visual Studio Solution File, Format Version 12.00
# Visual Studio 15
VisualStudioVersion = 15.0.26124.0
MinimumVisualStudioVersion = 15.0.26124.0
Project("{FAE04EC0-301F-11D3-BF4B-00C04F79EFBC}") = "FastNote.Core.Common", "FastNote.Core.Common\FastNote.Core.Common.csproj", "{696F0C52-F6D9-4CB2-B9BD-94B577342352}"
EndProject
Project("{FAE04EC0-301F-11D3-BF4B-00C04F79EFBC}") = "FastNote.Core.Common.Tests", "FastNote.Core.Common.Tests\FastNote.Core.Common.Tests.csproj", "{48374FF9-CC2E-42D1-AAA5-7C1DECE27CD6}"
EndProject
Global
	GlobalSection(SolutionConfigurationPlatforms) = preSolution
		Debug|Any CPU = Debug|Any CPU
		Debug|x64 = Debug|x64
		Debug|x86 = Debug|x86
		Release|Any CPU = Release|Any CPU
		Release|x64 = Release|x64
		Release|x86 = Release|x86
	EndGlobalSection
	GlobalSection(SolutionProperties) = preSolution
		HideSolutionNode = FALSE
	EndGlobalSection
	GlobalSection(ProjectConfigurationPlatforms) = postSolution
		{696F0C52-F6D9-4CB2-B9BD-94B577342352}.Debug|Any CPU.ActiveCfg = Debug|Any CPU
		{696F0C52-F6D9-4CB2-B9BD-94B577342352}.Debug|Any CPU.Build.0 = Debug|Any CPU
		{696F0C52-F6D9-4CB2-B9BD-94B577342352}.Debug|x64.ActiveCfg = Debug|Any CPU
		{696F0C52-F6D9-4CB2-B9BD-94B577342352}.Debug|x64.Build.0 = Debug|Any CPU
		{696F0C52-F6D9-4CB2-B9BD-94B577342352}.Debug|x86.ActiveCfg = Debug|Any CPU
		{696F0C52-F6D9-4CB2-B9BD-94B577342352}.Debug|x86.Build.0 = Debug|Any CPU
		{696F0C52-F6D9-4CB2-B9BD-94B577342352}.Release|Any CPU.ActiveCfg = Release|Any CPU
		{696F0C52-F6D9-4CB2-B9BD-94B577342352}.Release|Any CPU.Build.0 = Release|Any CPU
		{696F0C52-F6D9-4CB2-B9BD-94B577342352}.Release|x64.ActiveCfg = Release|Any CPU
		{696F0C52-F6D9-4CB2-B9BD-94B577342352}.Release|x64.Build.0 = Release|Any CPU
		{696F0C52-F6D9-4CB2-B9BD-94B577342352}.Release|x86.ActiveCfg = Release|Any CPU
		{696F0C52-F6D9-4CB2-B9BD-94B577342352}.Release|x86.Build.0 = Release|Any CPU
		{48374FF9-CC2E-42D1-AAA5-7C1DECE27CD6}.Debug|Any CPU.ActiveCfg = Debug|Any CPU
		{48374FF9-CC2E-42D1-AAA5-7C1DECE27CD6}.Debug|Any CPU.Build.0 = Debug|Any CPU
		{48374FF9-CC2E-42D1-AAA5-7C1DECE27CD6}.Debug|x64.ActiveCfg = Debug|Any CPU
		{48374FF9-CC2E-42D1-AAA5-7C1DECE27CD6}.Debug|x64.Build.0 = Debug|Any CPU
		{48374FF9-CC2E-42D1-AAA5-7C1DECE27CD6}.Debug|x86.ActiveCfg = Debug|Any CPU
		{48374FF9-CC2E-42D1-AAA5-7C1DECE27CD6}.Debug|x86.Build.0 = Debug|Any CPU
		{48374FF9-CC2E-42D1-AAA5-7C1DECE27CD6}.Release|Any CPU.ActiveCfg = Release|Any CPU
		{48374FF9-CC2E-42D1-AAA5-7C1DECE27CD6}.Release|Any CPU.Build.0 = Release|Any CPU
		{48374FF9-CC2E-42D1-AAA5-7C1DECE27CD6}.Release|x64.ActiveCfg = Release|Any CPU
		{48374FF9-CC2E-42D1-AAA5-7C1DECE27CD6}.Release|x64.Build.0 = Release|Any CPU
		{48374FF9-CC2E-42D1-AAA5-7C1DECE27CD6}.Release|x86.ActiveCfg = Release|Any CPU
		{48374FF9-CC2E-42D1-AAA5-7C1DECE27CD6}.Release|x86.Build.0 = Release|Any CPU
	EndGlobalSection
EndGlobal
